// !$*UTF8*$!
{
	archiveVersion = 1;
	classes = {
	};
	objectVersion = 46;
	objects = {

/* Begin PBXBuildFile section */
		0D149610D42C67DA197EC8FE /* Pods_SwiftPractise.framework in Frameworks */ = {isa = PBXBuildFile; fileRef = 887D61C6F618B2F2089DF96E /* Pods_SwiftPractise.framework */; };
		F51E40E41E4C1636004AC970 /* VideoListCell.swift in Sources */ = {isa = PBXBuildFile; fileRef = F51E40E31E4C1636004AC970 /* VideoListCell.swift */; };
		F51E40E61E4C1667004AC970 /* video.json in Resources */ = {isa = PBXBuildFile; fileRef = F51E40E51E4C1667004AC970 /* video.json */; };
		F51E40E81E4DA1B1004AC970 /* videoModel.swift in Sources */ = {isa = PBXBuildFile; fileRef = F51E40E71E4DA1B1004AC970 /* videoModel.swift */; };
		F524AFA81DB85FE100ED6069 /* AppDelegate.swift in Sources */ = {isa = PBXBuildFile; fileRef = F524AFA71DB85FE100ED6069 /* AppDelegate.swift */; };
		F524AFAA1DB85FE100ED6069 /* ViewController.swift in Sources */ = {isa = PBXBuildFile; fileRef = F524AFA91DB85FE100ED6069 /* ViewController.swift */; };
		F524AFAD1DB85FE100ED6069 /* Main.storyboard in Resources */ = {isa = PBXBuildFile; fileRef = F524AFAB1DB85FE100ED6069 /* Main.storyboard */; };
		F524AFAF1DB85FE100ED6069 /* Assets.xcassets in Resources */ = {isa = PBXBuildFile; fileRef = F524AFAE1DB85FE100ED6069 /* Assets.xcassets */; };
		F524AFB21DB85FE100ED6069 /* LaunchScreen.storyboard in Resources */ = {isa = PBXBuildFile; fileRef = F524AFB01DB85FE100ED6069 /* LaunchScreen.storyboard */; };
		F524AFBD1DB85FE100ED6069 /* SwiftPractiseTests.swift in Sources */ = {isa = PBXBuildFile; fileRef = F524AFBC1DB85FE100ED6069 /* SwiftPractiseTests.swift */; };
		F524AFC81DB85FE100ED6069 /* SwiftPractiseUITests.swift in Sources */ = {isa = PBXBuildFile; fileRef = F524AFC71DB85FE100ED6069 /* SwiftPractiseUITests.swift */; };
		F524AFD81DB8BFEF00ED6069 /* WebDisplayViewController.swift in Sources */ = {isa = PBXBuildFile; fileRef = F524AFD71DB8BFEF00ED6069 /* WebDisplayViewController.swift */; };
/* End PBXBuildFile section */

/* Begin PBXContainerItemProxy section */
		F524AFB91DB85FE100ED6069 /* PBXContainerItemProxy */ = {
			isa = PBXContainerItemProxy;
			containerPortal = F524AF9C1DB85FE100ED6069 /* Project object */;
			proxyType = 1;
			remoteGlobalIDString = F524AFA31DB85FE100ED6069;
			remoteInfo = SwiftPractise;
		};
		F524AFC41DB85FE100ED6069 /* PBXContainerItemProxy */ = {
			isa = PBXContainerItemProxy;
			containerPortal = F524AF9C1DB85FE100ED6069 /* Project object */;
			proxyType = 1;
			remoteGlobalIDString = F524AFA31DB85FE100ED6069;
			remoteInfo = SwiftPractise;
		};
/* End PBXContainerItemProxy section */

/* Begin PBXFileReference section */
		77DDCF716DA6FF5F2F21680A /* Pods-SwiftPractise.debug.xcconfig */ = {isa = PBXFileReference; includeInIndex = 1; lastKnownFileType = text.xcconfig; name = "Pods-SwiftPractise.debug.xcconfig"; path = "Pods/Target Support Files/Pods-SwiftPractise/Pods-SwiftPractise.debug.xcconfig"; sourceTree = "<group>"; };
		887D61C6F618B2F2089DF96E /* Pods_SwiftPractise.framework */ = {isa = PBXFileReference; explicitFileType = wrapper.framework; includeInIndex = 0; path = Pods_SwiftPractise.framework; sourceTree = BUILT_PRODUCTS_DIR; };
		9ED788E22C822DA8D6A0F8B0 /* Pods-SwiftPractise.release.xcconfig */ = {isa = PBXFileReference; includeInIndex = 1; lastKnownFileType = text.xcconfig; name = "Pods-SwiftPractise.release.xcconfig"; path = "Pods/Target Support Files/Pods-SwiftPractise/Pods-SwiftPractise.release.xcconfig"; sourceTree = "<group>"; };
		F51E40E31E4C1636004AC970 /* VideoListCell.swift */ = {isa = PBXFileReference; fileEncoding = 4; lastKnownFileType = sourcecode.swift; path = VideoListCell.swift; sourceTree = "<group>"; };
		F51E40E51E4C1667004AC970 /* video.json */ = {isa = PBXFileReference; fileEncoding = 4; lastKnownFileType = text.json; path = video.json; sourceTree = "<group>"; };
		F51E40E71E4DA1B1004AC970 /* videoModel.swift */ = {isa = PBXFileReference; fileEncoding = 4; lastKnownFileType = sourcecode.swift; path = videoModel.swift; sourceTree = "<group>"; };
		F524AFA41DB85FE100ED6069 /* SwiftPractise.app */ = {isa = PBXFileReference; explicitFileType = wrapper.application; includeInIndex = 0; path = SwiftPractise.app; sourceTree = BUILT_PRODUCTS_DIR; };
		F524AFA71DB85FE100ED6069 /* AppDelegate.swift */ = {isa = PBXFileReference; lastKnownFileType = sourcecode.swift; path = AppDelegate.swift; sourceTree = "<group>"; };
		F524AFA91DB85FE100ED6069 /* ViewController.swift */ = {isa = PBXFileReference; lastKnownFileType = sourcecode.swift; path = ViewController.swift; sourceTree = "<group>"; };
		F524AFAC1DB85FE100ED6069 /* Base */ = {isa = PBXFileReference; lastKnownFileType = file.storyboard; name = Base; path = Base.lproj/Main.storyboard; sourceTree = "<group>"; };
		F524AFAE1DB85FE100ED6069 /* Assets.xcassets */ = {isa = PBXFileReference; lastKnownFileType = folder.assetcatalog; path = Assets.xcassets; sourceTree = "<group>"; };
		F524AFB11DB85FE100ED6069 /* Base */ = {isa = PBXFileReference; lastKnownFileType = file.storyboard; name = Base; path = Base.lproj/LaunchScreen.storyboard; sourceTree = "<group>"; };
		F524AFB31DB85FE100ED6069 /* Info.plist */ = {isa = PBXFileReference; lastKnownFileType = text.plist.xml; path = Info.plist; sourceTree = "<group>"; };
		F524AFB81DB85FE100ED6069 /* SwiftPractiseTests.xctest */ = {isa = PBXFileReference; explicitFileType = wrapper.cfbundle; includeInIndex = 0; path = SwiftPractiseTests.xctest; sourceTree = BUILT_PRODUCTS_DIR; };
		F524AFBC1DB85FE100ED6069 /* SwiftPractiseTests.swift */ = {isa = PBXFileReference; lastKnownFileType = sourcecode.swift; path = SwiftPractiseTests.swift; sourceTree = "<group>"; };
		F524AFBE1DB85FE100ED6069 /* Info.plist */ = {isa = PBXFileReference; lastKnownFileType = text.plist.xml; path = Info.plist; sourceTree = "<group>"; };
		F524AFC31DB85FE100ED6069 /* SwiftPractiseUITests.xctest */ = {isa = PBXFileReference; explicitFileType = wrapper.cfbundle; includeInIndex = 0; path = SwiftPractiseUITests.xctest; sourceTree = BUILT_PRODUCTS_DIR; };
		F524AFC71DB85FE100ED6069 /* SwiftPractiseUITests.swift */ = {isa = PBXFileReference; lastKnownFileType = sourcecode.swift; path = SwiftPractiseUITests.swift; sourceTree = "<group>"; };
		F524AFC91DB85FE100ED6069 /* Info.plist */ = {isa = PBXFileReference; lastKnownFileType = text.plist.xml; path = Info.plist; sourceTree = "<group>"; };
		F524AFD71DB8BFEF00ED6069 /* WebDisplayViewController.swift */ = {isa = PBXFileReference; fileEncoding = 4; lastKnownFileType = sourcecode.swift; path = WebDisplayViewController.swift; sourceTree = "<group>"; };
/* End PBXFileReference section */

/* Begin PBXFrameworksBuildPhase section */
		F524AFA11DB85FE100ED6069 /* Frameworks */ = {
			isa = PBXFrameworksBuildPhase;
			buildActionMask = 2147483647;
			files = (
				0D149610D42C67DA197EC8FE /* Pods_SwiftPractise.framework in Frameworks */,
			);
			runOnlyForDeploymentPostprocessing = 0;
		};
		F524AFB51DB85FE100ED6069 /* Frameworks */ = {
			isa = PBXFrameworksBuildPhase;
			buildActionMask = 2147483647;
			files = (
			);
			runOnlyForDeploymentPostprocessing = 0;
		};
		F524AFC01DB85FE100ED6069 /* Frameworks */ = {
			isa = PBXFrameworksBuildPhase;
			buildActionMask = 2147483647;
			files = (
			);
			runOnlyForDeploymentPostprocessing = 0;
		};
/* End PBXFrameworksBuildPhase section */

/* Begin PBXGroup section */
		723737B501828F70BE13E72C /* Pods */ = {
			isa = PBXGroup;
			children = (
				77DDCF716DA6FF5F2F21680A /* Pods-SwiftPractise.debug.xcconfig */,
				9ED788E22C822DA8D6A0F8B0 /* Pods-SwiftPractise.release.xcconfig */,
			);
			name = Pods;
			sourceTree = "<group>";
		};
		B6E8480F6963FF86C657EE5A /* Frameworks */ = {
			isa = PBXGroup;
			children = (
				887D61C6F618B2F2089DF96E /* Pods_SwiftPractise.framework */,
			);
			name = Frameworks;
			sourceTree = "<group>";
		};
		F524AF9B1DB85FE100ED6069 = {
			isa = PBXGroup;
			children = (
				F524AFA61DB85FE100ED6069 /* SwiftPractise */,
				F524AFBB1DB85FE100ED6069 /* SwiftPractiseTests */,
				F524AFC61DB85FE100ED6069 /* SwiftPractiseUITests */,
				F524AFA51DB85FE100ED6069 /* Products */,
				723737B501828F70BE13E72C /* Pods */,
				B6E8480F6963FF86C657EE5A /* Frameworks */,
			);
			sourceTree = "<group>";
		};
		F524AFA51DB85FE100ED6069 /* Products */ = {
			isa = PBXGroup;
			children = (
				F524AFA41DB85FE100ED6069 /* SwiftPractise.app */,
				F524AFB81DB85FE100ED6069 /* SwiftPractiseTests.xctest */,
				F524AFC31DB85FE100ED6069 /* SwiftPractiseUITests.xctest */,
			);
			name = Products;
			sourceTree = "<group>";
		};
		F524AFA61DB85FE100ED6069 /* SwiftPractise */ = {
			isa = PBXGroup;
			children = (
				F524AFA71DB85FE100ED6069 /* AppDelegate.swift */,
				F524AFA91DB85FE100ED6069 /* ViewController.swift */,
				F51E40E31E4C1636004AC970 /* VideoListCell.swift */,
				F51E40E71E4DA1B1004AC970 /* videoModel.swift */,
				F524AFD71DB8BFEF00ED6069 /* WebDisplayViewController.swift */,
				F524AFAB1DB85FE100ED6069 /* Main.storyboard */,
				F524AFAE1DB85FE100ED6069 /* Assets.xcassets */,
				F524AFB01DB85FE100ED6069 /* LaunchScreen.storyboard */,
				F524AFB31DB85FE100ED6069 /* Info.plist */,
				F51E40E51E4C1667004AC970 /* video.json */,
			);
			path = SwiftPractise;
			sourceTree = "<group>";
		};
		F524AFBB1DB85FE100ED6069 /* SwiftPractiseTests */ = {
			isa = PBXGroup;
			children = (
				F524AFBC1DB85FE100ED6069 /* SwiftPractiseTests.swift */,
				F524AFBE1DB85FE100ED6069 /* Info.plist */,
			);
			path = SwiftPractiseTests;
			sourceTree = "<group>";
		};
		F524AFC61DB85FE100ED6069 /* SwiftPractiseUITests */ = {
			isa = PBXGroup;
			children = (
				F524AFC71DB85FE100ED6069 /* SwiftPractiseUITests.swift */,
				F524AFC91DB85FE100ED6069 /* Info.plist */,
			);
			path = SwiftPractiseUITests;
			sourceTree = "<group>";
		};
/* End PBXGroup section */

/* Begin PBXNativeTarget section */
		F524AFA31DB85FE100ED6069 /* SwiftPractise */ = {
			isa = PBXNativeTarget;
			buildConfigurationList = F524AFCC1DB85FE100ED6069 /* Build configuration list for PBXNativeTarget "SwiftPractise" */;
			buildPhases = (
				32D965C940BA017BA4ACE14B /* [CP] Check Pods Manifest.lock */,
				F524AFA01DB85FE100ED6069 /* Sources */,
				F524AFA11DB85FE100ED6069 /* Frameworks */,
				F524AFA21DB85FE100ED6069 /* Resources */,
				B5ED9AAE10A763244F74CC37 /* [CP] Embed Pods Frameworks */,
				8E6AF7650E3C45319865057F /* [CP] Copy Pods Resources */,
			);
			buildRules = (
			);
			dependencies = (
			);
			name = SwiftPractise;
			productName = SwiftPractise;
			productReference = F524AFA41DB85FE100ED6069 /* SwiftPractise.app */;
			productType = "com.apple.product-type.application";
		};
		F524AFB71DB85FE100ED6069 /* SwiftPractiseTests */ = {
			isa = PBXNativeTarget;
			buildConfigurationList = F524AFCF1DB85FE100ED6069 /* Build configuration list for PBXNativeTarget "SwiftPractiseTests" */;
			buildPhases = (
				F524AFB41DB85FE100ED6069 /* Sources */,
				F524AFB51DB85FE100ED6069 /* Frameworks */,
				F524AFB61DB85FE100ED6069 /* Resources */,
			);
			buildRules = (
			);
			dependencies = (
				F524AFBA1DB85FE100ED6069 /* PBXTargetDependency */,
			);
			name = SwiftPractiseTests;
			productName = SwiftPractiseTests;
			productReference = F524AFB81DB85FE100ED6069 /* SwiftPractiseTests.xctest */;
			productType = "com.apple.product-type.bundle.unit-test";
		};
		F524AFC21DB85FE100ED6069 /* SwiftPractiseUITests */ = {
			isa = PBXNativeTarget;
			buildConfigurationList = F524AFD21DB85FE100ED6069 /* Build configuration list for PBXNativeTarget "SwiftPractiseUITests" */;
			buildPhases = (
				F524AFBF1DB85FE100ED6069 /* Sources */,
				F524AFC01DB85FE100ED6069 /* Frameworks */,
				F524AFC11DB85FE100ED6069 /* Resources */,
			);
			buildRules = (
			);
			dependencies = (
				F524AFC51DB85FE100ED6069 /* PBXTargetDependency */,
			);
			name = SwiftPractiseUITests;
			productName = SwiftPractiseUITests;
			productReference = F524AFC31DB85FE100ED6069 /* SwiftPractiseUITests.xctest */;
			productType = "com.apple.product-type.bundle.ui-testing";
		};
/* End PBXNativeTarget section */

/* Begin PBXProject section */
		F524AF9C1DB85FE100ED6069 /* Project object */ = {
			isa = PBXProject;
			attributes = {
				LastSwiftUpdateCheck = 0800;
				LastUpgradeCheck = 0800;
				ORGANIZATIONNAME = "王鹏";
				TargetAttributes = {
					F524AFA31DB85FE100ED6069 = {
						CreatedOnToolsVersion = 8.0;
						DevelopmentTeam = ZT3Y2QTY3A;
						ProvisioningStyle = Automatic;
					};
					F524AFB71DB85FE100ED6069 = {
						CreatedOnToolsVersion = 8.0;
						ProvisioningStyle = Automatic;
						TestTargetID = F524AFA31DB85FE100ED6069;
					};
					F524AFC21DB85FE100ED6069 = {
						CreatedOnToolsVersion = 8.0;
						ProvisioningStyle = Automatic;
						TestTargetID = F524AFA31DB85FE100ED6069;
					};
				};
			};
			buildConfigurationList = F524AF9F1DB85FE100ED6069 /* Build configuration list for PBXProject "SwiftPractise" */;
			compatibilityVersion = "Xcode 3.2";
			developmentRegion = English;
			hasScannedForEncodings = 0;
			knownRegions = (
				en,
				Base,
			);
			mainGroup = F524AF9B1DB85FE100ED6069;
			productRefGroup = F524AFA51DB85FE100ED6069 /* Products */;
			projectDirPath = "";
			projectRoot = "";
			targets = (
				F524AFA31DB85FE100ED6069 /* SwiftPractise */,
				F524AFB71DB85FE100ED6069 /* SwiftPractiseTests */,
				F524AFC21DB85FE100ED6069 /* SwiftPractiseUITests */,
			);
		};
/* End PBXProject section */

/* Begin PBXResourcesBuildPhase section */
		F524AFA21DB85FE100ED6069 /* Resources */ = {
			isa = PBXResourcesBuildPhase;
			buildActionMask = 2147483647;
			files = (
				F524AFB21DB85FE100ED6069 /* LaunchScreen.storyboard in Resources */,
				F51E40E61E4C1667004AC970 /* video.json in Resources */,
				F524AFAF1DB85FE100ED6069 /* Assets.xcassets in Resources */,
				F524AFAD1DB85FE100ED6069 /* Main.storyboard in Resources */,
			);
			runOnlyForDeploymentPostprocessing = 0;
		};
		F524AFB61DB85FE100ED6069 /* Resources */ = {
			isa = PBXResourcesBuildPhase;
			buildActionMask = 2147483647;
			files = (
			);
			runOnlyForDeploymentPostprocessing = 0;
		};
		F524AFC11DB85FE100ED6069 /* Resources */ = {
			isa = PBXResourcesBuildPhase;
			buildActionMask = 2147483647;
			files = (
			);
			runOnlyForDeploymentPostprocessing = 0;
		};
/* End PBXResourcesBuildPhase section */

/* Begin PBXShellScriptBuildPhase section */
		32D965C940BA017BA4ACE14B /* [CP] Check Pods Manifest.lock */ = {
			isa = PBXShellScriptBuildPhase;
			buildActionMask = 2147483647;
			files = (
			);
			inputPaths = (
			);
			name = "[CP] Check Pods Manifest.lock";
			outputPaths = (
			);
			runOnlyForDeploymentPostprocessing = 0;
			shellPath = /bin/sh;
			shellScript = "diff \"${PODS_ROOT}/../Podfile.lock\" \"${PODS_ROOT}/Manifest.lock\" > /dev/null\nif [[ $? != 0 ]] ; then\n    cat << EOM\nerror: The sandbox is not in sync with the Podfile.lock. Run 'pod install' or update your CocoaPods installation.\nEOM\n    exit 1\nfi\n";
			showEnvVarsInLog = 0;
		};
		8E6AF7650E3C45319865057F /* [CP] Copy Pods Resources */ = {
			isa = PBXShellScriptBuildPhase;
			buildActionMask = 2147483647;
			files = (
			);
			inputPaths = (
			);
			name = "[CP] Copy Pods Resources";
			outputPaths = (
			);
			runOnlyForDeploymentPostprocessing = 0;
			shellPath = /bin/sh;
			shellScript = "\"${SRCROOT}/Pods/Target Support Files/Pods-SwiftPractise/Pods-SwiftPractise-resources.sh\"\n";
			showEnvVarsInLog = 0;
		};
		B5ED9AAE10A763244F74CC37 /* [CP] Embed Pods Frameworks */ = {
			isa = PBXShellScriptBuildPhase;
			buildActionMask = 2147483647;
			files = (
			);
			inputPaths = (
			);
			name = "[CP] Embed Pods Frameworks";
			outputPaths = (
			);
			runOnlyForDeploymentPostprocessing = 0;
			shellPath = /bin/sh;
			shellScript = "\"${SRCROOT}/Pods/Target Support Files/Pods-SwiftPractise/Pods-SwiftPractise-frameworks.sh\"\n";
			showEnvVarsInLog = 0;
		};
/* End PBXShellScriptBuildPhase section */

/* Begin PBXSourcesBuildPhase section */
		F524AFA01DB85FE100ED6069 /* Sources */ = {
			isa = PBXSourcesBuildPhase;
			buildActionMask = 2147483647;
			files = (
				F524AFAA1DB85FE100ED6069 /* ViewController.swift in Sources */,
				F51E40E41E4C1636004AC970 /* VideoListCell.swift in Sources */,
				F524AFD81DB8BFEF00ED6069 /* WebDisplayViewController.swift in Sources */,
				F51E40E81E4DA1B1004AC970 /* videoModel.swift in Sources */,
				F524AFA81DB85FE100ED6069 /* AppDelegate.swift in Sources */,
			);
			runOnlyForDeploymentPostprocessing = 0;
		};
		F524AFB41DB85FE100ED6069 /* Sources */ = {
			isa = PBXSourcesBuildPhase;
			buildActionMask = 2147483647;
			files = (
				F524AFBD1DB85FE100ED6069 /* SwiftPractiseTests.swift in Sources */,
			);
			runOnlyForDeploymentPostprocessing = 0;
		};
		F524AFBF1DB85FE100ED6069 /* Sources */ = {
			isa = PBXSourcesBuildPhase;
			buildActionMask = 2147483647;
			files = (
				F524AFC81DB85FE100ED6069 /* SwiftPractiseUITests.swift in Sources */,
			);
			runOnlyForDeploymentPostprocessing = 0;
		};
/* End PBXSourcesBuildPhase section */

/* Begin PBXTargetDependency section */
		F524AFBA1DB85FE100ED6069 /* PBXTargetDependency */ = {
			isa = PBXTargetDependency;
			target = F524AFA31DB85FE100ED6069 /* SwiftPractise */;
			targetProxy = F524AFB91DB85FE100ED6069 /* PBXContainerItemProxy */;
		};
		F524AFC51DB85FE100ED6069 /* PBXTargetDependency */ = {
			isa = PBXTargetDependency;
			target = F524AFA31DB85FE100ED6069 /* SwiftPractise */;
			targetProxy = F524AFC41DB85FE100ED6069 /* PBXContainerItemProxy */;
		};
/* End PBXTargetDependency section */

/* Begin PBXVariantGroup section */
		F524AFAB1DB85FE100ED6069 /* Main.storyboard */ = {
			isa = PBXVariantGroup;
			children = (
				F524AFAC1DB85FE100ED6069 /* Base */,
			);
			name = Main.storyboard;
			sourceTree = "<group>";
		};
		F524AFB01DB85FE100ED6069 /* LaunchScreen.storyboard */ = {
			isa = PBXVariantGroup;
			children = (
				F524AFB11DB85FE100ED6069 /* Base */,
			);
			name = LaunchScreen.storyboard;
			sourceTree = "<group>";
		};
/* End PBXVariantGroup section */

/* Begin XCBuildConfiguration section */
		F524AFCA1DB85FE100ED6069 /* Debug */ = {
			isa = XCBuildConfiguration;
			buildSettings = {
				ALWAYS_SEARCH_USER_PATHS = NO;
				CLANG_ANALYZER_NONNULL = YES;
				CLANG_CXX_LANGUAGE_STANDARD = "gnu++0x";
				CLANG_CXX_LIBRARY = "libc++";
				CLANG_ENABLE_MODULES = YES;
				CLANG_ENABLE_OBJC_ARC = YES;
				CLANG_WARN_BOOL_CONVERSION = YES;
				CLANG_WARN_CONSTANT_CONVERSION = YES;
				CLANG_WARN_DIRECT_OBJC_ISA_USAGE = YES_ERROR;
				CLANG_WARN_DOCUMENTATION_COMMENTS = YES;
				CLANG_WARN_EMPTY_BODY = YES;
				CLANG_WARN_ENUM_CONVERSION = YES;
				CLANG_WARN_INFINITE_RECURSION = YES;
				CLANG_WARN_INT_CONVERSION = YES;
				CLANG_WARN_OBJC_ROOT_CLASS = YES_ERROR;
				CLANG_WARN_SUSPICIOUS_MOVES = YES;
				CLANG_WARN_UNREACHABLE_CODE = YES;
				CLANG_WARN__DUPLICATE_METHOD_MATCH = YES;
				"CODE_SIGN_IDENTITY[sdk=iphoneos*]" = "iPhone Developer";
				COPY_PHASE_STRIP = NO;
				DEBUG_INFORMATION_FORMAT = dwarf;
				ENABLE_STRICT_OBJC_MSGSEND = YES;
				ENABLE_TESTABILITY = YES;
				GCC_C_LANGUAGE_STANDARD = gnu99;
				GCC_DYNAMIC_NO_PIC = NO;
				GCC_NO_COMMON_BLOCKS = YES;
				GCC_OPTIMIZATION_LEVEL = 0;
				GCC_PREPROCESSOR_DEFINITIONS = (
					"DEBUG=1",
					"$(inherited)",
				);
				GCC_WARN_64_TO_32_BIT_CONVERSION = YES;
				GCC_WARN_ABOUT_RETURN_TYPE = YES_ERROR;
				GCC_WARN_UNDECLARED_SELECTOR = YES;
				GCC_WARN_UNINITIALIZED_AUTOS = YES_AGGRESSIVE;
				GCC_WARN_UNUSED_FUNCTION = YES;
				GCC_WARN_UNUSED_VARIABLE = YES;
				IPHONEOS_DEPLOYMENT_TARGET = 10.0;
				MTL_ENABLE_DEBUG_INFO = YES;
				ONLY_ACTIVE_ARCH = YES;
				SDKROOT = iphoneos;
				SWIFT_ACTIVE_COMPILATION_CONDITIONS = DEBUG;
				SWIFT_OPTIMIZATION_LEVEL = "-Onone";
				TARGETED_DEVICE_FAMILY = "1,2";
			};
			name = Debug;
		};
		F524AFCB1DB85FE100ED6069 /* Release */ = {
			isa = XCBuildConfiguration;
			buildSettings = {
				ALWAYS_SEARCH_USER_PATHS = NO;
				CLANG_ANALYZER_NONNULL = YES;
				CLANG_CXX_LANGUAGE_STANDARD = "gnu++0x";
				CLANG_CXX_LIBRARY = "libc++";
				CLANG_ENABLE_MODULES = YES;
				CLANG_ENABLE_OBJC_ARC = YES;
				CLANG_WARN_BOOL_CONVERSION = YES;
				CLANG_WARN_CONSTANT_CONVERSION = YES;
				CLANG_WARN_DIRECT_OBJC_ISA_USAGE = YES_ERROR;
				CLANG_WARN_DOCUMENTATION_COMMENTS = YES;
				CLANG_WARN_EMPTY_BODY = YES;
				CLANG_WARN_ENUM_CONVERSION = YES;
				CLANG_WARN_INFINITE_RECURSION = YES;
				CLANG_WARN_INT_CONVERSION = YES;
				CLANG_WARN_OBJC_ROOT_CLASS = YES_ERROR;
				CLANG_WARN_SUSPICIOUS_MOVES = YES;
				CLANG_WARN_UNREACHABLE_CODE = YES;
				CLANG_WARN__DUPLICATE_METHOD_MATCH = YES;
				"CODE_SIGN_IDENTITY[sdk=iphoneos*]" = "iPhone Developer";
				COPY_PHASE_STRIP = NO;
				DEBUG_INFORMATION_FORMAT = "dwarf-with-dsym";
				ENABLE_NS_ASSERTIONS = NO;
				ENABLE_STRICT_OBJC_MSGSEND = YES;
				GCC_C_LANGUAGE_STANDARD = gnu99;
				GCC_NO_COMMON_BLOCKS = YES;
				GCC_WARN_64_TO_32_BIT_CONVERSION = YES;
				GCC_WARN_ABOUT_RETURN_TYPE = YES_ERROR;
				GCC_WARN_UNDECLARED_SELECTOR = YES;
				GCC_WARN_UNINITIALIZED_AUTOS = YES_AGGRESSIVE;
				GCC_WARN_UNUSED_FUNCTION = YES;
				GCC_WARN_UNUSED_VARIABLE = YES;
				IPHONEOS_DEPLOYMENT_TARGET = 10.0;
				MTL_ENABLE_DEBUG_INFO = NO;
				SDKROOT = iphoneos;
				SWIFT_OPTIMIZATION_LEVEL = "-Owholemodule";
				TARGETED_DEVICE_FAMILY = "1,2";
				VALIDATE_PRODUCT = YES;
			};
			name = Release;
		};
		F524AFCD1DB85FE100ED6069 /* Debug */ = {
			isa = XCBuildConfiguration;
			baseConfigurationReference = 77DDCF716DA6FF5F2F21680A /* Pods-SwiftPractise.debug.xcconfig */;
			buildSettings = {
				ASSETCATALOG_COMPILER_APPICON_NAME = AppIcon;
				DEVELOPMENT_TEAM = ZT3Y2QTY3A;
				INFOPLIST_FILE = SwiftPractise/Info.plist;
				LD_RUNPATH_SEARCH_PATHS = "$(inherited) @executable_path/Frameworks";
				PRODUCT_BUNDLE_IDENTIFIER = WP.SwiftPractise;
				PRODUCT_NAME = "$(TARGET_NAME)";
				SWIFT_VERSION = 3.0;
			};
			name = Debug;
		};
		F524AFCE1DB85FE100ED6069 /* Release */ = {
			isa = XCBuildConfiguration;
			baseConfigurationReference = 9ED788E22C822DA8D6A0F8B0 /* Pods-SwiftPractise.release.xcconfig */;
			buildSettings = {
				ASSETCATALOG_COMPILER_APPICON_NAME = AppIcon;
				DEVELOPMENT_TEAM = ZT3Y2QTY3A;
				INFOPLIST_FILE = SwiftPractise/Info.plist;
				LD_RUNPATH_SEARCH_PATHS = "$(inherited) @executable_path/Frameworks";
				PRODUCT_BUNDLE_IDENTIFIER = WP.SwiftPractise;
				PRODUCT_NAME = "$(TARGET_NAME)";
				SWIFT_VERSION = 3.0;
			};
			name = Release;
		};
		F524AFD01DB85FE100ED6069 /* Debug */ = {
			isa = XCBuildConfiguration;
			buildSettings = {
				ALWAYS_EMBED_SWIFT_STANDARD_LIBRARIES = YES;
				BUNDLE_LOADER = "$(TEST_HOST)";
				INFOPLIST_FILE = SwiftPractiseTests/Info.plist;
				LD_RUNPATH_SEARCH_PATHS = "$(inherited) @executable_path/Frameworks @loader_path/Frameworks";
				PRODUCT_BUNDLE_IDENTIFIER = WP.SwiftPractiseTests;
				PRODUCT_NAME = "$(TARGET_NAME)";
				SWIFT_VERSION = 3.0;
				TEST_HOST = "$(BUILT_PRODUCTS_DIR)/SwiftPractise.app/SwiftPractise";
			};
			name = Debug;
		};
		F524AFD11DB85FE100ED6069 /* Release */ = {
			isa = XCBuildConfiguration;
			buildSettings = {
				ALWAYS_EMBED_SWIFT_STANDARD_LIBRARIES = YES;
				BUNDLE_LOADER = "$(TEST_HOST)";
				INFOPLIST_FILE = SwiftPractiseTests/Info.plist;
				LD_RUNPATH_SEARCH_PATHS = "$(inherited) @executable_path/Frameworks @loader_path/Frameworks";
				PRODUCT_BUNDLE_IDENTIFIER = WP.SwiftPractiseTests;
				PRODUCT_NAME = "$(TARGET_NAME)";
				SWIFT_VERSION = 3.0;
				TEST_HOST = "$(BUILT_PRODUCTS_DIR)/SwiftPractise.app/SwiftPractise";
			};
			name = Release;
		};
		F524AFD31DB85FE100ED6069 /* Debug */ = {
			isa = XCBuildConfiguration;
			buildSettings = {
				ALWAYS_EMBED_SWIFT_STANDARD_LIBRARIES = YES;
				INFOPLIST_FILE = SwiftPractiseUITests/Info.plist;
				LD_RUNPATH_SEARCH_PATHS = "$(inherited) @executable_path/Frameworks @loader_path/Frameworks";
				PRODUCT_BUNDLE_IDENTIFIER = WP.SwiftPractiseUITests;
				PRODUCT_NAME = "$(TARGET_NAME)";
				SWIFT_VERSION = 3.0;
				TEST_TARGET_NAME = SwiftPractise;
			};
			name = Debug;
		};
		F524AFD41DB85FE100ED6069 /* Release */ = {
			isa = XCBuildConfiguration;
			buildSettings = {
				ALWAYS_EMBED_SWIFT_STANDARD_LIBRARIES = YES;
				INFOPLIST_FILE = SwiftPractiseUITests/Info.plist;
				LD_RUNPATH_SEARCH_PATHS = "$(inherited) @executable_path/Frameworks @loader_path/Frameworks";
				PRODUCT_BUNDLE_IDENTIFIER = WP.SwiftPractiseUITests;
				PRODUCT_NAME = "$(TARGET_NAME)";
				SWIFT_VERSION = 3.0;
				TEST_TARGET_NAME = SwiftPractise;
			};
			name = Release;
		};
/* End XCBuildConfiguration section */

/* Begin XCConfigurationList section */
		F524AF9F1DB85FE100ED6069 /* Build configuration list for PBXProject "SwiftPractise" */ = {
			isa = XCConfigurationList;
			buildConfigurations = (
				F524AFCA1DB85FE100ED6069 /* Debug */,
				F524AFCB1DB85FE100ED6069 /* Release */,
			);
			defaultConfigurationIsVisible = 0;
			defaultConfigurationName = Release;
		};
		F524AFCC1DB85FE100ED6069 /* Build configuration list for PBXNativeTarget "SwiftPractise" */ = {
			isa = XCConfigurationList;
			buildConfigurations = (
				F524AFCD1DB85FE100ED6069 /* Debug */,
				F524AFCE1DB85FE100ED6069 /* Release */,
			);
			defaultConfigurationIsVisible = 0;
			defaultConfigurationName = Release;
		};
		F524AFCF1DB85FE100ED6069 /* Build configuration list for PBXNativeTarget "SwiftPractiseTests" */ = {
			isa = XCConfigurationList;
			buildConfigurations = (
				F524AFD01DB85FE100ED6069 /* Debug */,
				F524AFD11DB85FE100ED6069 /* Release */,
			);
			defaultConfigurationIsVisible = 0;
			defaultConfigurationName = Release;
		};
		F524AFD21DB85FE100ED6069 /* Build configuration list for PBXNativeTarget "SwiftPractiseUITests" */ = {
			isa = XCConfigurationList;
			buildConfigurations = (
				F524AFD31DB85FE100ED6069 /* Debug */,
				F524AFD41DB85FE100ED6069 /* Release */,
			);
			defaultConfigurationIsVisible = 0;
			defaultConfigurationName = Release;
		};
/* End XCConfigurationList section */
	};
	rootObject = F524AF9C1DB85FE100ED6069 /* Project object */;
}
